
Microsoft Visual Studio Solution File, Format Version 12.00
Project("{2150E333-8FDC-42A3-9474-1A3956D46DE8}") = "PixelService", "PixelService", "{63886489-253C-4928-AFDD-78210E4DC889}"
EndProject
Project("{2150E333-8FDC-42A3-9474-1A3956D46DE8}") = "StorageService", "StorageService", "{DF5AB8E5-2070-4100-AD95-3EE8A1F92E9E}"
EndProject
Project("{FAE04EC0-301F-11D3-BF4B-00C04F79EFBC}") = "PixelService.Application.UnitTests", "PixelService\PixelService.Application.UnitTests\PixelService.Application.UnitTests.csproj", "{B026D97F-B5A2-4E39-B7A2-9833B3DFC8CA}"
EndProject
Project("{FAE04EC0-301F-11D3-BF4B-00C04F79EFBC}") = "PixelService.Contracts", "PixelService\PixelService.Contracts\PixelService.Contracts.csproj", "{24F870F3-DED4-4699-888F-5FFDCA42E6BE}"
EndProject
Project("{FAE04EC0-301F-11D3-BF4B-00C04F79EFBC}") = "PixelService.Service", "PixelService\PixelService.Service\PixelService.Service.csproj", "{B9BF52B9-442B-4AC2-9EFE-C2DCCC49857A}"
EndProject
Project("{FAE04EC0-301F-11D3-BF4B-00C04F79EFBC}") = "PixelService.Service.UnitTests", "PixelService\PixelService.Service.UnitTests\PixelService.Service.UnitTests.csproj", "{207A73DA-7579-4842-90D1-863C9CF103B8}"
EndProject
Project("{FAE04EC0-301F-11D3-BF4B-00C04F79EFBC}") = "StorageService.Application", "StorageService\StorageService.Application\StorageService.Application.csproj", "{4565CAAF-CED7-4D42-959B-FEA151B8258A}"
EndProject
Project("{FAE04EC0-301F-11D3-BF4B-00C04F79EFBC}") = "StorageService.Application.UnitTests", "StorageService\StorageService.Application.UnitTests\StorageService.Application.UnitTests.csproj", "{3C430474-7F4F-4110-ADBB-EBF65B96D806}"
EndProject
Project("{FAE04EC0-301F-11D3-BF4B-00C04F79EFBC}") = "StorageService.Service", "StorageService\StorageService.Service\StorageService.Service.csproj", "{0BC8E462-E00E-4942-ACED-30057F31FC99}"
EndProject
Project("{FAE04EC0-301F-11D3-BF4B-00C04F79EFBC}") = "PixelService.Application", "PixelService\PixelService.Application\PixelService.Application.csproj", "{DD4DF928-162C-4635-BE9F-C77158C161C5}"
EndProject
Project("{FAE04EC0-301F-11D3-BF4B-00C04F79EFBC}") = "StorageService.Infrastructure.UnitTests", "StorageService\StorageService.Infrastructure.UnitTests\StorageService.Infrastructure.UnitTests.csproj", "{4972F2DF-F879-48F0-AC52-06CC7F842FB9}"
EndProject
Project("{FAE04EC0-301F-11D3-BF4B-00C04F79EFBC}") = "StorageService.Infrastructure", "StorageService\StorageService.Infrastructure\StorageService.Infrastructure.csproj", "{85A1C831-983D-4D31-B63E-1C9622FAE58E}"
EndProject
Project("{FAE04EC0-301F-11D3-BF4B-00C04F79EFBC}") = "StorageService.Contracts", "StorageService\StorageService.Contracts\StorageService.Contracts.csproj", "{45810A94-9A1B-44E9-8CA5-067921D382C4}"
EndProject
Global
	GlobalSection(SolutionConfigurationPlatforms) = preSolution
		Debug|Any CPU = Debug|Any CPU
		Release|Any CPU = Release|Any CPU
	EndGlobalSection
	GlobalSection(ProjectConfigurationPlatforms) = postSolution
		{B026D97F-B5A2-4E39-B7A2-9833B3DFC8CA}.Debug|Any CPU.ActiveCfg = Debug|Any CPU
		{B026D97F-B5A2-4E39-B7A2-9833B3DFC8CA}.Debug|Any CPU.Build.0 = Debug|Any CPU
		{B026D97F-B5A2-4E39-B7A2-9833B3DFC8CA}.Release|Any CPU.ActiveCfg = Release|Any CPU
		{B026D97F-B5A2-4E39-B7A2-9833B3DFC8CA}.Release|Any CPU.Build.0 = Release|Any CPU
		{24F870F3-DED4-4699-888F-5FFDCA42E6BE}.Debug|Any CPU.ActiveCfg = Debug|Any CPU
		{24F870F3-DED4-4699-888F-5FFDCA42E6BE}.Debug|Any CPU.Build.0 = Debug|Any CPU
		{24F870F3-DED4-4699-888F-5FFDCA42E6BE}.Release|Any CPU.ActiveCfg = Release|Any CPU
		{24F870F3-DED4-4699-888F-5FFDCA42E6BE}.Release|Any CPU.Build.0 = Release|Any CPU
		{B9BF52B9-442B-4AC2-9EFE-C2DCCC49857A}.Debug|Any CPU.ActiveCfg = Debug|Any CPU
		{B9BF52B9-442B-4AC2-9EFE-C2DCCC49857A}.Debug|Any CPU.Build.0 = Debug|Any CPU
		{B9BF52B9-442B-4AC2-9EFE-C2DCCC49857A}.Release|Any CPU.ActiveCfg = Release|Any CPU
		{B9BF52B9-442B-4AC2-9EFE-C2DCCC49857A}.Release|Any CPU.Build.0 = Release|Any CPU
		{207A73DA-7579-4842-90D1-863C9CF103B8}.Debug|Any CPU.ActiveCfg = Debug|Any CPU
		{207A73DA-7579-4842-90D1-863C9CF103B8}.Debug|Any CPU.Build.0 = Debug|Any CPU
		{207A73DA-7579-4842-90D1-863C9CF103B8}.Release|Any CPU.ActiveCfg = Release|Any CPU
		{207A73DA-7579-4842-90D1-863C9CF103B8}.Release|Any CPU.Build.0 = Release|Any CPU
		{4565CAAF-CED7-4D42-959B-FEA151B8258A}.Debug|Any CPU.ActiveCfg = Debug|Any CPU
		{4565CAAF-CED7-4D42-959B-FEA151B8258A}.Debug|Any CPU.Build.0 = Debug|Any CPU
		{4565CAAF-CED7-4D42-959B-FEA151B8258A}.Release|Any CPU.ActiveCfg = Release|Any CPU
		{4565CAAF-CED7-4D42-959B-FEA151B8258A}.Release|Any CPU.Build.0 = Release|Any CPU
		{3C430474-7F4F-4110-ADBB-EBF65B96D806}.Debug|Any CPU.ActiveCfg = Debug|Any CPU
		{3C430474-7F4F-4110-ADBB-EBF65B96D806}.Debug|Any CPU.Build.0 = Debug|Any CPU
		{3C430474-7F4F-4110-ADBB-EBF65B96D806}.Release|Any CPU.ActiveCfg = Release|Any CPU
		{3C430474-7F4F-4110-ADBB-EBF65B96D806}.Release|Any CPU.Build.0 = Release|Any CPU
		{0BC8E462-E00E-4942-ACED-30057F31FC99}.Debug|Any CPU.ActiveCfg = Debug|Any CPU
		{0BC8E462-E00E-4942-ACED-30057F31FC99}.Debug|Any CPU.Build.0 = Debug|Any CPU
		{0BC8E462-E00E-4942-ACED-30057F31FC99}.Release|Any CPU.ActiveCfg = Release|Any CPU
		{0BC8E462-E00E-4942-ACED-30057F31FC99}.Release|Any CPU.Build.0 = Release|Any CPU
		{DD4DF928-162C-4635-BE9F-C77158C161C5}.Debug|Any CPU.ActiveCfg = Debug|Any CPU
		{DD4DF928-162C-4635-BE9F-C77158C161C5}.Debug|Any CPU.Build.0 = Debug|Any CPU
		{DD4DF928-162C-4635-BE9F-C77158C161C5}.Release|Any CPU.ActiveCfg = Release|Any CPU
		{DD4DF928-162C-4635-BE9F-C77158C161C5}.Release|Any CPU.Build.0 = Release|Any CPU
		{4972F2DF-F879-48F0-AC52-06CC7F842FB9}.Debug|Any CPU.ActiveCfg = Debug|Any CPU
		{4972F2DF-F879-48F0-AC52-06CC7F842FB9}.Debug|Any CPU.Build.0 = Debug|Any CPU
		{4972F2DF-F879-48F0-AC52-06CC7F842FB9}.Release|Any CPU.ActiveCfg = Release|Any CPU
		{4972F2DF-F879-48F0-AC52-06CC7F842FB9}.Release|Any CPU.Build.0 = Release|Any CPU
		{85A1C831-983D-4D31-B63E-1C9622FAE58E}.Debug|Any CPU.ActiveCfg = Debug|Any CPU
		{85A1C831-983D-4D31-B63E-1C9622FAE58E}.Debug|Any CPU.Build.0 = Debug|Any CPU
		{85A1C831-983D-4D31-B63E-1C9622FAE58E}.Release|Any CPU.ActiveCfg = Release|Any CPU
		{85A1C831-983D-4D31-B63E-1C9622FAE58E}.Release|Any CPU.Build.0 = Release|Any CPU
		{45810A94-9A1B-44E9-8CA5-067921D382C4}.Debug|Any CPU.ActiveCfg = Debug|Any CPU
		{45810A94-9A1B-44E9-8CA5-067921D382C4}.Debug|Any CPU.Build.0 = Debug|Any CPU
		{45810A94-9A1B-44E9-8CA5-067921D382C4}.Release|Any CPU.ActiveCfg = Release|Any CPU
		{45810A94-9A1B-44E9-8CA5-067921D382C4}.Release|Any CPU.Build.0 = Release|Any CPU
	EndGlobalSection
	GlobalSection(NestedProjects) = preSolution
		{B026D97F-B5A2-4E39-B7A2-9833B3DFC8CA} = {63886489-253C-4928-AFDD-78210E4DC889}
		{24F870F3-DED4-4699-888F-5FFDCA42E6BE} = {63886489-253C-4928-AFDD-78210E4DC889}
		{B9BF52B9-442B-4AC2-9EFE-C2DCCC49857A} = {63886489-253C-4928-AFDD-78210E4DC889}
		{207A73DA-7579-4842-90D1-863C9CF103B8} = {63886489-253C-4928-AFDD-78210E4DC889}
		{4565CAAF-CED7-4D42-959B-FEA151B8258A} = {DF5AB8E5-2070-4100-AD95-3EE8A1F92E9E}
		{3C430474-7F4F-4110-ADBB-EBF65B96D806} = {DF5AB8E5-2070-4100-AD95-3EE8A1F92E9E}
		{0BC8E462-E00E-4942-ACED-30057F31FC99} = {DF5AB8E5-2070-4100-AD95-3EE8A1F92E9E}
		{DD4DF928-162C-4635-BE9F-C77158C161C5} = {63886489-253C-4928-AFDD-78210E4DC889}
		{4972F2DF-F879-48F0-AC52-06CC7F842FB9} = {DF5AB8E5-2070-4100-AD95-3EE8A1F92E9E}
		{85A1C831-983D-4D31-B63E-1C9622FAE58E} = {DF5AB8E5-2070-4100-AD95-3EE8A1F92E9E}
		{45810A94-9A1B-44E9-8CA5-067921D382C4} = {DF5AB8E5-2070-4100-AD95-3EE8A1F92E9E}
	EndGlobalSection
EndGlobal
